
Microsoft Visual Studio Solution File, Format Version 12.00
# Visual Studio Version 16
VisualStudioVersion = 16.0.30011.22
MinimumVisualStudioVersion = 10.0.40219.1
Project("{FAE04EC0-301F-11D3-BF4B-00C04F79EFBC}") = "VAC_InventoryTool", "VAC_InventoryTool\VAC_InventoryTool.csproj", "{73B00791-E043-4B58-ABF3-E1FC9BC8B3C1}"
EndProject
Global
	GlobalSection(SolutionConfigurationPlatforms) = preSolution
		Debug|Any CPU = Debug|Any CPU
		Release|Any CPU = Release|Any CPU
	EndGlobalSection
	GlobalSection(ProjectConfigurationPlatforms) = postSolution
		{73B00791-E043-4B58-ABF3-E1FC9BC8B3C1}.Debug|Any CPU.ActiveCfg = Debug|Any CPU
		{73B00791-E043-4B58-ABF3-E1FC9BC8B3C1}.Debug|Any CPU.Build.0 = Debug|Any CPU
		{73B00791-E043-4B58-ABF3-E1FC9BC8B3C1}.Release|Any CPU.ActiveCfg = Release|Any CPU
		{73B00791-E043-4B58-ABF3-E1FC9BC8B3C1}.Release|Any CPU.Build.0 = Release|Any CPU
	EndGlobalSection
	GlobalSection(SolutionProperties) = preSolution
		HideSolutionNode = FALSE
	EndGlobalSection
	GlobalSection(ExtensibilityGlobals) = postSolution
		SolutionGuid = {632FDD41-7ADA-4532-984F-285222E19EC2}
	EndGlobalSection
EndGlobal
